// !$*UTF8*$!
{
	archiveVersion = 1;
	classes = {
	};
	objectVersion = 50;
	objects = {

/* Begin PBXBuildFile section */
		8818C61B245ADA120012D0AB /* DesignableView.swift in Sources */ = {isa = PBXBuildFile; fileRef = 8818C61A245ADA120012D0AB /* DesignableView.swift */; };
		8851EDF524597552000FA0B4 /* AppDelegate.swift in Sources */ = {isa = PBXBuildFile; fileRef = 8851EDF424597552000FA0B4 /* AppDelegate.swift */; };
		8851EDF724597552000FA0B4 /* SceneDelegate.swift in Sources */ = {isa = PBXBuildFile; fileRef = 8851EDF624597552000FA0B4 /* SceneDelegate.swift */; };
		8851EDF924597552000FA0B4 /* ViewController.swift in Sources */ = {isa = PBXBuildFile; fileRef = 8851EDF824597552000FA0B4 /* ViewController.swift */; };
		8851EDFC24597552000FA0B4 /* Main.storyboard in Resources */ = {isa = PBXBuildFile; fileRef = 8851EDFA24597552000FA0B4 /* Main.storyboard */; };
		8851EDFE24597554000FA0B4 /* Assets.xcassets in Resources */ = {isa = PBXBuildFile; fileRef = 8851EDFD24597554000FA0B4 /* Assets.xcassets */; };
		8851EE0124597554000FA0B4 /* LaunchScreen.storyboard in Resources */ = {isa = PBXBuildFile; fileRef = 8851EDFF24597554000FA0B4 /* LaunchScreen.storyboard */; };
		8873EDF2245BFC0F00DAB896 /* LoginViewController.swift in Sources */ = {isa = PBXBuildFile; fileRef = 8873EDF1245BFC0F00DAB896 /* LoginViewController.swift */; };
		8873EDF4245BFC2E00DAB896 /* SignupViewController.swift in Sources */ = {isa = PBXBuildFile; fileRef = 8873EDF3245BFC2E00DAB896 /* SignupViewController.swift */; };
		DC5B46D024697F6800F33A9B /* Extensions.swift in Sources */ = {isa = PBXBuildFile; fileRef = DC5B46CF24697F6800F33A9B /* Extensions.swift */; };
		DC95AF4E24627A5400D1AE17 /* HomeViewController.swift in Sources */ = {isa = PBXBuildFile; fileRef = DC95AF4D24627A5400D1AE17 /* HomeViewController.swift */; };
		DC95AF5024628EB600D1AE17 /* WebViewController.swift in Sources */ = {isa = PBXBuildFile; fileRef = DC95AF4F24628EB600D1AE17 /* WebViewController.swift */; };
/* End PBXBuildFile section */

/* Begin PBXFileReference section */
		8818C61A245ADA120012D0AB /* DesignableView.swift */ = {isa = PBXFileReference; lastKnownFileType = sourcecode.swift; path = DesignableView.swift; sourceTree = "<group>"; };
		8851EDF124597552000FA0B4 /* KNUCoin.app */ = {isa = PBXFileReference; explicitFileType = wrapper.application; includeInIndex = 0; path = KNUCoin.app; sourceTree = BUILT_PRODUCTS_DIR; };
		8851EDF424597552000FA0B4 /* AppDelegate.swift */ = {isa = PBXFileReference; lastKnownFileType = sourcecode.swift; path = AppDelegate.swift; sourceTree = "<group>"; };
		8851EDF624597552000FA0B4 /* SceneDelegate.swift */ = {isa = PBXFileReference; lastKnownFileType = sourcecode.swift; path = SceneDelegate.swift; sourceTree = "<group>"; };
		8851EDF824597552000FA0B4 /* ViewController.swift */ = {isa = PBXFileReference; lastKnownFileType = sourcecode.swift; path = ViewController.swift; sourceTree = "<group>"; };
		8851EDFB24597552000FA0B4 /* Base */ = {isa = PBXFileReference; lastKnownFileType = file.storyboard; name = Base; path = Base.lproj/Main.storyboard; sourceTree = "<group>"; };
		8851EDFD24597554000FA0B4 /* Assets.xcassets */ = {isa = PBXFileReference; lastKnownFileType = folder.assetcatalog; path = Assets.xcassets; sourceTree = "<group>"; };
		8851EE0024597554000FA0B4 /* Base */ = {isa = PBXFileReference; lastKnownFileType = file.storyboard; name = Base; path = Base.lproj/LaunchScreen.storyboard; sourceTree = "<group>"; };
		8851EE0224597554000FA0B4 /* Info.plist */ = {isa = PBXFileReference; lastKnownFileType = text.plist.xml; path = Info.plist; sourceTree = "<group>"; };
		8873EDF1245BFC0F00DAB896 /* LoginViewController.swift */ = {isa = PBXFileReference; lastKnownFileType = sourcecode.swift; path = LoginViewController.swift; sourceTree = "<group>"; };
		8873EDF3245BFC2E00DAB896 /* SignupViewController.swift */ = {isa = PBXFileReference; lastKnownFileType = sourcecode.swift; path = SignupViewController.swift; sourceTree = "<group>"; };
		DC5B46CF24697F6800F33A9B /* Extensions.swift */ = {isa = PBXFileReference; lastKnownFileType = sourcecode.swift; path = Extensions.swift; sourceTree = "<group>"; };
		DC95AF4D24627A5400D1AE17 /* HomeViewController.swift */ = {isa = PBXFileReference; lastKnownFileType = sourcecode.swift; path = HomeViewController.swift; sourceTree = "<group>"; };
		DC95AF4F24628EB600D1AE17 /* WebViewController.swift */ = {isa = PBXFileReference; lastKnownFileType = sourcecode.swift; path = WebViewController.swift; sourceTree = "<group>"; };
/* End PBXFileReference section */

/* Begin PBXFrameworksBuildPhase section */
		8851EDEE24597552000FA0B4 /* Frameworks */ = {
			isa = PBXFrameworksBuildPhase;
			buildActionMask = 2147483647;
			files = (
			);
			runOnlyForDeploymentPostprocessing = 0;
		};
/* End PBXFrameworksBuildPhase section */

/* Begin PBXGroup section */
		8851EDE824597552000FA0B4 = {
			isa = PBXGroup;
			children = (
				8851EDF324597552000FA0B4 /* KNUCoin */,
				8851EDF224597552000FA0B4 /* Products */,
			);
			sourceTree = "<group>";
		};
		8851EDF224597552000FA0B4 /* Products */ = {
			isa = PBXGroup;
			children = (
				8851EDF124597552000FA0B4 /* KNUCoin.app */,
			);
			name = Products;
			sourceTree = "<group>";
		};
		8851EDF324597552000FA0B4 /* KNUCoin */ = {
			isa = PBXGroup;
			children = (
				8851EDF424597552000FA0B4 /* AppDelegate.swift */,
				8851EDF624597552000FA0B4 /* SceneDelegate.swift */,
				8851EDF824597552000FA0B4 /* ViewController.swift */,
				8851EDFA24597552000FA0B4 /* Main.storyboard */,
				8851EDFD24597554000FA0B4 /* Assets.xcassets */,
				8851EDFF24597554000FA0B4 /* LaunchScreen.storyboard */,
				8851EE0224597554000FA0B4 /* Info.plist */,
				8818C61A245ADA120012D0AB /* DesignableView.swift */,
				8873EDF1245BFC0F00DAB896 /* LoginViewController.swift */,
				8873EDF3245BFC2E00DAB896 /* SignupViewController.swift */,
				DC95AF4D24627A5400D1AE17 /* HomeViewController.swift */,
				DC95AF4F24628EB600D1AE17 /* WebViewController.swift */,
				DC5B46CF24697F6800F33A9B /* Extensions.swift */,
			);
			path = KNUCoin;
			sourceTree = "<group>";
		};
/* End PBXGroup section */

/* Begin PBXNativeTarget section */
		8851EDF024597552000FA0B4 /* KNUCoin */ = {
			isa = PBXNativeTarget;
			buildConfigurationList = 8851EE0524597554000FA0B4 /* Build configuration list for PBXNativeTarget "KNUCoin" */;
			buildPhases = (
				8851EDED24597552000FA0B4 /* Sources */,
				8851EDEE24597552000FA0B4 /* Frameworks */,
				8851EDEF24597552000FA0B4 /* Resources */,
			);
			buildRules = (
			);
			dependencies = (
			);
			name = KNUCoin;
			productName = KNUCoin;
			productReference = 8851EDF124597552000FA0B4 /* KNUCoin.app */;
			productType = "com.apple.product-type.application";
		};
/* End PBXNativeTarget section */

/* Begin PBXProject section */
		8851EDE924597552000FA0B4 /* Project object */ = {
			isa = PBXProject;
			attributes = {
				LastSwiftUpdateCheck = 1140;
				LastUpgradeCheck = 1140;
				ORGANIZATIONNAME = sbyun;
				TargetAttributes = {
					8851EDF024597552000FA0B4 = {
						CreatedOnToolsVersion = 11.4.1;
					};
				};
			};
			buildConfigurationList = 8851EDEC24597552000FA0B4 /* Build configuration list for PBXProject "KNUCoin" */;
			compatibilityVersion = "Xcode 9.3";
			developmentRegion = en;
			hasScannedForEncodings = 0;
			knownRegions = (
				en,
				Base,
			);
			mainGroup = 8851EDE824597552000FA0B4;
			productRefGroup = 8851EDF224597552000FA0B4 /* Products */;
			projectDirPath = "";
			projectRoot = "";
			targets = (
				8851EDF024597552000FA0B4 /* KNUCoin */,
			);
		};
/* End PBXProject section */

/* Begin PBXResourcesBuildPhase section */
		8851EDEF24597552000FA0B4 /* Resources */ = {
			isa = PBXResourcesBuildPhase;
			buildActionMask = 2147483647;
			files = (
				8851EE0124597554000FA0B4 /* LaunchScreen.storyboard in Resources */,
				8851EDFE24597554000FA0B4 /* Assets.xcassets in Resources */,
				8851EDFC24597552000FA0B4 /* Main.storyboard in Resources */,
			);
			runOnlyForDeploymentPostprocessing = 0;
		};
/* End PBXResourcesBuildPhase section */

/* Begin PBXSourcesBuildPhase section */
		8851EDED24597552000FA0B4 /* Sources */ = {
			isa = PBXSourcesBuildPhase;
			buildActionMask = 2147483647;
			files = (
				8873EDF2245BFC0F00DAB896 /* LoginViewController.swift in Sources */,
				DC5B46D024697F6800F33A9B /* Extensions.swift in Sources */,
				8873EDF4245BFC2E00DAB896 /* SignupViewController.swift in Sources */,
				8818C61B245ADA120012D0AB /* DesignableView.swift in Sources */,
				8851EDF924597552000FA0B4 /* ViewController.swift in Sources */,
				8851EDF524597552000FA0B4 /* AppDelegate.swift in Sources */,
				DC95AF4E24627A5400D1AE17 /* HomeViewController.swift in Sources */,
				8851EDF724597552000FA0B4 /* SceneDelegate.swift in Sources */,
				DC95AF5024628EB600D1AE17 /* WebViewController.swift in Sources */,
			);
			runOnlyForDeploymentPostprocessing = 0;
		};
/* End PBXSourcesBuildPhase section */

/* Begin PBXVariantGroup section */
		8851EDFA24597552000FA0B4 /* Main.storyboard */ = {
			isa = PBXVariantGroup;
			children = (
				8851EDFB24597552000FA0B4 /* Base */,
			);
			name = Main.storyboard;
			sourceTree = "<group>";
		};
		8851EDFF24597554000FA0B4 /* LaunchScreen.storyboard */ = {
			isa = PBXVariantGroup;
			children = (
				8851EE0024597554000FA0B4 /* Base */,
			);
			name = LaunchScreen.storyboard;
			sourceTree = "<group>";
		};
/* End PBXVariantGroup section */

/* Begin XCBuildConfiguration section */
		8851EE0324597554000FA0B4 /* Debug */ = {
			isa = XCBuildConfiguration;
			buildSettings = {
				ALWAYS_SEARCH_USER_PATHS = NO;
				CLANG_ANALYZER_NONNULL = YES;
				CLANG_ANALYZER_NUMBER_OBJECT_CONVERSION = YES_AGGRESSIVE;
				CLANG_CXX_LANGUAGE_STANDARD = "gnu++14";
				CLANG_CXX_LIBRARY = "libc++";
				CLANG_ENABLE_MODULES = YES;
				CLANG_ENABLE_OBJC_ARC = YES;
				CLANG_ENABLE_OBJC_WEAK = YES;
				CLANG_WARN_BLOCK_CAPTURE_AUTORELEASING = YES;
				CLANG_WARN_BOOL_CONVERSION = YES;
				CLANG_WARN_COMMA = YES;
				CLANG_WARN_CONSTANT_CONVERSION = YES;
				CLANG_WARN_DEPRECATED_OBJC_IMPLEMENTATIONS = YES;
				CLANG_WARN_DIRECT_OBJC_ISA_USAGE = YES_ERROR;
				CLANG_WARN_DOCUMENTATION_COMMENTS = YES;
				CLANG_WARN_EMPTY_BODY = YES;
				CLANG_WARN_ENUM_CONVERSION = YES;
				CLANG_WARN_INFINITE_RECURSION = YES;
				CLANG_WARN_INT_CONVERSION = YES;
				CLANG_WARN_NON_LITERAL_NULL_CONVERSION = YES;
				CLANG_WARN_OBJC_IMPLICIT_RETAIN_SELF = YES;
				CLANG_WARN_OBJC_LITERAL_CONVERSION = YES;
				CLANG_WARN_OBJC_ROOT_CLASS = YES_ERROR;
				CLANG_WARN_RANGE_LOOP_ANALYSIS = YES;
				CLANG_WARN_STRICT_PROTOTYPES = YES;
				CLANG_WARN_SUSPICIOUS_MOVE = YES;
				CLANG_WARN_UNGUARDED_AVAILABILITY = YES_AGGRESSIVE;
				CLANG_WARN_UNREACHABLE_CODE = YES;
				CLANG_WARN__DUPLICATE_METHOD_MATCH = YES;
				COPY_PHASE_STRIP = NO;
				DEBUG_INFORMATION_FORMAT = dwarf;
				ENABLE_STRICT_OBJC_MSGSEND = YES;
				ENABLE_TESTABILITY = YES;
				GCC_C_LANGUAGE_STANDARD = gnu11;
				GCC_DYNAMIC_NO_PIC = NO;
				GCC_NO_COMMON_BLOCKS = YES;
				GCC_OPTIMIZATION_LEVEL = 0;
				GCC_PREPROCESSOR_DEFINITIONS = (
					"DEBUG=1",
					"$(inherited)",
				);
				GCC_WARN_64_TO_32_BIT_CONVERSION = YES;
				GCC_WARN_ABOUT_RETURN_TYPE = YES_ERROR;
				GCC_WARN_UNDECLARED_SELECTOR = YES;
				GCC_WARN_UNINITIALIZED_AUTOS = YES_AGGRESSIVE;
				GCC_WARN_UNUSED_FUNCTION = YES;
				GCC_WARN_UNUSED_VARIABLE = YES;
				IPHONEOS_DEPLOYMENT_TARGET = 13.4;
				MTL_ENABLE_DEBUG_INFO = INCLUDE_SOURCE;
				MTL_FAST_MATH = YES;
				ONLY_ACTIVE_ARCH = YES;
				SDKROOT = iphoneos;
				SWIFT_ACTIVE_COMPILATION_CONDITIONS = DEBUG;
				SWIFT_OPTIMIZATION_LEVEL = "-Onone";
			};
			name = Debug;
		};
		8851EE0424597554000FA0B4 /* Release */ = {
			isa = XCBuildConfiguration;
			buildSettings = {
				ALWAYS_SEARCH_USER_PATHS = NO;
				CLANG_ANALYZER_NONNULL = YES;
				CLANG_ANALYZER_NUMBER_OBJECT_CONVERSION = YES_AGGRESSIVE;
				CLANG_CXX_LANGUAGE_STANDARD = "gnu++14";
				CLANG_CXX_LIBRARY = "libc++";
				CLANG_ENABLE_MODULES = YES;
				CLANG_ENABLE_OBJC_ARC = YES;
				CLANG_ENABLE_OBJC_WEAK = YES;
				CLANG_WARN_BLOCK_CAPTURE_AUTORELEASING = YES;
				CLANG_WARN_BOOL_CONVERSION = YES;
				CLANG_WARN_COMMA = YES;
				CLANG_WARN_CONSTANT_CONVERSION = YES;
				CLANG_WARN_DEPRECATED_OBJC_IMPLEMENTATIONS = YES;
				CLANG_WARN_DIRECT_OBJC_ISA_USAGE = YES_ERROR;
				CLANG_WARN_DOCUMENTATION_COMMENTS = YES;
				CLANG_WARN_EMPTY_BODY = YES;
				CLANG_WARN_ENUM_CONVERSION = YES;
				CLANG_WARN_INFINITE_RECURSION = YES;
				CLANG_WARN_INT_CONVERSION = YES;
				CLANG_WARN_NON_LITERAL_NULL_CONVERSION = YES;
				CLANG_WARN_OBJC_IMPLICIT_RETAIN_SELF = YES;
				CLANG_WARN_OBJC_LITERAL_CONVERSION = YES;
				CLANG_WARN_OBJC_ROOT_CLASS = YES_ERROR;
				CLANG_WARN_RANGE_LOOP_ANALYSIS = YES;
				CLANG_WARN_STRICT_PROTOTYPES = YES;
				CLANG_WARN_SUSPICIOUS_MOVE = YES;
				CLANG_WARN_UNGUARDED_AVAILABILITY = YES_AGGRESSIVE;
				CLANG_WARN_UNREACHABLE_CODE = YES;
				CLANG_WARN__DUPLICATE_METHOD_MATCH = YES;
				COPY_PHASE_STRIP = NO;
				DEBUG_INFORMATION_FORMAT = "dwarf-with-dsym";
				ENABLE_NS_ASSERTIONS = NO;
				ENABLE_STRICT_OBJC_MSGSEND = YES;
				GCC_C_LANGUAGE_STANDARD = gnu11;
				GCC_NO_COMMON_BLOCKS = YES;
				GCC_WARN_64_TO_32_BIT_CONVERSION = YES;
				GCC_WARN_ABOUT_RETURN_TYPE = YES_ERROR;
				GCC_WARN_UNDECLARED_SELECTOR = YES;
				GCC_WARN_UNINITIALIZED_AUTOS = YES_AGGRESSIVE;
				GCC_WARN_UNUSED_FUNCTION = YES;
				GCC_WARN_UNUSED_VARIABLE = YES;
				IPHONEOS_DEPLOYMENT_TARGET = 13.4;
				MTL_ENABLE_DEBUG_INFO = NO;
				MTL_FAST_MATH = YES;
				SDKROOT = iphoneos;
				SWIFT_COMPILATION_MODE = wholemodule;
				SWIFT_OPTIMIZATION_LEVEL = "-O";
				VALIDATE_PRODUCT = YES;
			};
			name = Release;
		};
		8851EE0624597554000FA0B4 /* Debug */ = {
			isa = XCBuildConfiguration;
			buildSettings = {
				ASSETCATALOG_COMPILER_APPICON_NAME = AppIcon;
				CODE_SIGN_STYLE = Automatic;
				DEVELOPMENT_TEAM = C3JJQ4733Q;
				INFOPLIST_FILE = KNUCoin/Info.plist;
				IPHONEOS_DEPLOYMENT_TARGET = 11.0;
				LD_RUNPATH_SEARCH_PATHS = (
					"$(inherited)",
					"@executable_path/Frameworks",
				);
				PRODUCT_BUNDLE_IDENTIFIER = com.KNUCoin;
				PRODUCT_NAME = "$(TARGET_NAME)";
				SWIFT_VERSION = 5.0;
				TARGETED_DEVICE_FAMILY = "1,2";
			};
			name = Debug;
		};
		8851EE0724597554000FA0B4 /* Release */ = {
			isa = XCBuildConfiguration;
			buildSettings = {
				ASSETCATALOG_COMPILER_APPICON_NAME = AppIcon;
				CODE_SIGN_STYLE = Automatic;
				DEVELOPMENT_TEAM = C3JJQ4733Q;
				INFOPLIST_FILE = KNUCoin/Info.plist;
				IPHONEOS_DEPLOYMENT_TARGET = 11.0;
				LD_RUNPATH_SEARCH_PATHS = (
					"$(inherited)",
					"@executable_path/Frameworks",
				);
				PRODUCT_BUNDLE_IDENTIFIER = com.KNUCoin;
				PRODUCT_NAME = "$(TARGET_NAME)";
				SWIFT_VERSION = 5.0;
				TARGETED_DEVICE_FAMILY = "1,2";
			};
			name = Release;
		};
/* End XCBuildConfiguration section */

/* Begin XCConfigurationList section */
		8851EDEC24597552000FA0B4 /* Build configuration list for PBXProject "KNUCoin" */ = {
			isa = XCConfigurationList;
			buildConfigurations = (
				8851EE0324597554000FA0B4 /* Debug */,
				8851EE0424597554000FA0B4 /* Release */,
			);
			defaultConfigurationIsVisible = 0;
			defaultConfigurationName = Release;
		};
		8851EE0524597554000FA0B4 /* Build configuration list for PBXNativeTarget "KNUCoin" */ = {
			isa = XCConfigurationList;
			buildConfigurations = (
				8851EE0624597554000FA0B4 /* Debug */,
				8851EE0724597554000FA0B4 /* Release */,
			);
			defaultConfigurationIsVisible = 0;
			defaultConfigurationName = Release;
		};
/* End XCConfigurationList section */
	};
	rootObject = 8851EDE924597552000FA0B4 /* Project object */;
}
